
Microsoft Visual Studio Solution File, Format Version 12.00
# Visual Studio Version 16
VisualStudioVersion = 16.0.32106.194
MinimumVisualStudioVersion = 10.0.40219.1
Project("{FAE04EC0-301F-11D3-BF4B-00C04F79EFBC}") = "output", "output\output.csproj", "{4411C3EA-3670-4EA2-97E6-2FD15AB1BEFD}"
EndProject
Global
	GlobalSection(SolutionConfigurationPlatforms) = preSolution
		Debug|Any CPU = Debug|Any CPU
		Release|Any CPU = Release|Any CPU
	EndGlobalSection
	GlobalSection(ProjectConfigurationPlatforms) = postSolution
		{4411C3EA-3670-4EA2-97E6-2FD15AB1BEFD}.Debug|Any CPU.ActiveCfg = Debug|Any CPU
		{4411C3EA-3670-4EA2-97E6-2FD15AB1BEFD}.Debug|Any CPU.Build.0 = Debug|Any CPU
		{4411C3EA-3670-4EA2-97E6-2FD15AB1BEFD}.Release|Any CPU.ActiveCfg = Release|Any CPU
		{4411C3EA-3670-4EA2-97E6-2FD15AB1BEFD}.Release|Any CPU.Build.0 = Release|Any CPU
	EndGlobalSection
	GlobalSection(SolutionProperties) = preSolution
		HideSolutionNode = FALSE
	EndGlobalSection
	GlobalSection(ExtensibilityGlobals) = postSolution
		SolutionGuid = {8BC5CE35-5FA9-4737-B8A1-BA7456D5C637}
	EndGlobalSection
EndGlobal
